
Microsoft Visual Studio Solution File, Format Version 12.00
# Visual Studio Version 16
VisualStudioVersion = 16.0.30711.63
MinimumVisualStudioVersion = 10.0.40219.1
Project("{9A19103F-16F7-4668-BE54-9A1E7A4F7556}") = "MusicServer", "MusicServer\MusicServer.csproj", "{11E8BDF2-6EF3-4267-AF55-50568C2A911C}"
EndProject
Global
	GlobalSection(SolutionConfigurationPlatforms) = preSolution
		Debug|Any CPU = Debug|Any CPU
		Release|Any CPU = Release|Any CPU
	EndGlobalSection
	GlobalSection(ProjectConfigurationPlatforms) = postSolution
		{11E8BDF2-6EF3-4267-AF55-50568C2A911C}.Debug|Any CPU.ActiveCfg = Debug|Any CPU
		{11E8BDF2-6EF3-4267-AF55-50568C2A911C}.Debug|Any CPU.Build.0 = Debug|Any CPU
		{11E8BDF2-6EF3-4267-AF55-50568C2A911C}.Release|Any CPU.ActiveCfg = Release|Any CPU
		{11E8BDF2-6EF3-4267-AF55-50568C2A911C}.Release|Any CPU.Build.0 = Release|Any CPU
	EndGlobalSection
	GlobalSection(SolutionProperties) = preSolution
		HideSolutionNode = FALSE
	EndGlobalSection
	GlobalSection(ExtensibilityGlobals) = postSolution
		SolutionGuid = {82ABE1BD-C894-4F33-8202-95AD72595B85}
	EndGlobalSection
EndGlobal
